{
	"name": "javaalmanac.io-components",
	"version": "1.0.0",
	"lockfileVersion": 3,
	"requires": true,
	"packages": {
		"": {
			"name": "javaalmanac.io-components",
			"version": "1.0.0",
			"dependencies": {
				"ace-builds": "1.43.2",
				"vue": "2.6.11"
			}
		},
		"node_modules/ace-builds": {
			"version": "1.43.2",
			"resolved": "https://registry.npmjs.org/ace-builds/-/ace-builds-1.43.2.tgz",
			"integrity": "sha512-3wzJUJX0RpMc03jo0V8Q3bSb/cKPnS7Nqqw8fVHsCCHweKMiTIxT3fP46EhjmVy6MCuxwP801ere+RW245phGw==",
			"license": "BSD-3-Clause"
		},
		"node_modules/vue": {
			"version": "2.6.11",
			"resolved": "https://registry.npmjs.org/vue/-/vue-2.6.11.tgz",
			"integrity": "sha512-VfPwgcGABbGAue9+sfrD4PuwFar7gPb1yl1UK1MwXoQPAw0BKSqWfoYCT/ThFrdEVWoI51dBuyCoiNU9bZDZxQ==",
			"deprecated": "Vue 2 has reached EOL and is no longer actively maintained. See https://v2.vuejs.org/eol/ for more details.",
			"license": "MIT"
		}
	}
}
